
Microsoft Visual Studio Solution File, Format Version 12.00
Project("{FAE04EC0-301F-11D3-BF4B-00C04F79EFBC}") = "MyWebApp", "MyWebApp\MyWebApp.csproj", "{99760759-2B27-41D0-84AD-8416B0C035BE}"
EndProject
Global
	GlobalSection(SolutionConfigurationPlatforms) = preSolution
		Debug|Any CPU = Debug|Any CPU
		Release|Any CPU = Release|Any CPU
	EndGlobalSection
	GlobalSection(ProjectConfigurationPlatforms) = postSolution
		{99760759-2B27-41D0-84AD-8416B0C035BE}.Debug|Any CPU.ActiveCfg = Debug|Any CPU
		{99760759-2B27-41D0-84AD-8416B0C035BE}.Debug|Any CPU.Build.0 = Debug|Any CPU
		{99760759-2B27-41D0-84AD-8416B0C035BE}.Release|Any CPU.ActiveCfg = Release|Any CPU
		{99760759-2B27-41D0-84AD-8416B0C035BE}.Release|Any CPU.Build.0 = Release|Any CPU
	EndGlobalSection
EndGlobal
